
Microsoft Visual Studio Solution File, Format Version 12.00
# Visual Studio 15
Project("{FAE04EC0-301F-11D3-BF4B-00C04F79EFBC}") = "Assembly-CSharp-Editor", "Assembly-CSharp-Editor.csproj", "{1C09060A-0770-89AA-42BC-4AD9A714B198}"
EndProject
Project("{FAE04EC0-301F-11D3-BF4B-00C04F79EFBC}") = "Assembly-CSharp", "Assembly-CSharp.csproj", "{BFB9985B-6D31-E973-3A61-F860A7FDE255}"
EndProject
Global
	GlobalSection(SolutionConfigurationPlatforms) = preSolution
		Debug|Any CPU = Debug|Any CPU
		Release|Any CPU = Release|Any CPU
	EndGlobalSection
	GlobalSection(ProjectConfigurationPlatforms) = postSolution
		{1C09060A-0770-89AA-42BC-4AD9A714B198}.Debug|Any CPU.ActiveCfg = Debug|Any CPU
		{1C09060A-0770-89AA-42BC-4AD9A714B198}.Debug|Any CPU.Build.0 = Debug|Any CPU
		{1C09060A-0770-89AA-42BC-4AD9A714B198}.Release|Any CPU.ActiveCfg = Release|Any CPU
		{1C09060A-0770-89AA-42BC-4AD9A714B198}.Release|Any CPU.Build.0 = Release|Any CPU
		{BFB9985B-6D31-E973-3A61-F860A7FDE255}.Debug|Any CPU.ActiveCfg = Debug|Any CPU
		{BFB9985B-6D31-E973-3A61-F860A7FDE255}.Debug|Any CPU.Build.0 = Debug|Any CPU
		{BFB9985B-6D31-E973-3A61-F860A7FDE255}.Release|Any CPU.ActiveCfg = Release|Any CPU
		{BFB9985B-6D31-E973-3A61-F860A7FDE255}.Release|Any CPU.Build.0 = Release|Any CPU
	EndGlobalSection
	GlobalSection(SolutionProperties) = preSolution
		HideSolutionNode = FALSE
	EndGlobalSection
EndGlobal
